
Microsoft Visual Studio Solution File, Format Version 12.00
# Visual Studio Version 17
VisualStudioVersion = 17.9.34622.214
MinimumVisualStudioVersion = 10.0.40219.1
Project("{FAE04EC0-301F-11D3-BF4B-00C04F79EFBC}") = "Herencia", "Herencia.csproj", "{ABD776AC-A991-465C-96A1-E886B0E48255}"
EndProject
Global
	GlobalSection(SolutionConfigurationPlatforms) = preSolution
		Debug|Any CPU = Debug|Any CPU
		Release|Any CPU = Release|Any CPU
	EndGlobalSection
	GlobalSection(ProjectConfigurationPlatforms) = postSolution
		{ABD776AC-A991-465C-96A1-E886B0E48255}.Debug|Any CPU.ActiveCfg = Debug|Any CPU
		{ABD776AC-A991-465C-96A1-E886B0E48255}.Debug|Any CPU.Build.0 = Debug|Any CPU
		{ABD776AC-A991-465C-96A1-E886B0E48255}.Release|Any CPU.ActiveCfg = Release|Any CPU
		{ABD776AC-A991-465C-96A1-E886B0E48255}.Release|Any CPU.Build.0 = Release|Any CPU
	EndGlobalSection
	GlobalSection(SolutionProperties) = preSolution
		HideSolutionNode = FALSE
	EndGlobalSection
	GlobalSection(ExtensibilityGlobals) = postSolution
		SolutionGuid = {5AAFF578-A13B-4625-86EE-532F6382BA8A}
	EndGlobalSection
EndGlobal
